
Microsoft Visual Studio Solution File, Format Version 12.00
# Visual Studio Version 17
VisualStudioVersion = 17.9.34902.65
MinimumVisualStudioVersion = 10.0.40219.1
Project("{2150E333-8FDC-42A3-9474-1A3956D46DE8}") = "Creational", "Creational", "{85AC700E-DE91-4F4E-9CDA-3296AFE2D892}"
EndProject
Project("{2150E333-8FDC-42A3-9474-1A3956D46DE8}") = "Structural", "Structural", "{1564C71A-A68E-4AC3-9F0B-000EF611619A}"
EndProject
Project("{2150E333-8FDC-42A3-9474-1A3956D46DE8}") = "Behavioral", "Behavioral", "{7FFD24A3-1B5E-4D84-AF4E-71CCE40439F8}"
EndProject
Project("{9A19103F-16F7-4668-BE54-9A1E7A4F7556}") = "FactoryMethod", "Creational\FactoryMethod\FactoryMethod.csproj", "{F3DD958F-8563-499C-91D2-13109C88460F}"
EndProject
Project("{9A19103F-16F7-4668-BE54-9A1E7A4F7556}") = "BuilderPattern", "Creational\BuilderPattern\BuilderPattern.csproj", "{D723C517-CD9D-475A-BCED-CBAAC06554F8}"
EndProject
Project("{9A19103F-16F7-4668-BE54-9A1E7A4F7556}") = "AbstractFactory", "Creational\AbstractFactory\AbstractFactory.csproj", "{9055FB81-13F3-4D34-AA0E-5D65DA45996C}"
EndProject
Project("{9A19103F-16F7-4668-BE54-9A1E7A4F7556}") = "Prototype", "Creational\Prototype\Prototype.csproj", "{573B50F4-598C-49FE-948A-3ABBB93F61FA}"
EndProject
Project("{9A19103F-16F7-4668-BE54-9A1E7A4F7556}") = "Singleton", "Creational\Singleton\Singleton.csproj", "{62DF5CF4-742B-4989-9B73-64A110626AB9}"
EndProject
Project("{9A19103F-16F7-4668-BE54-9A1E7A4F7556}") = "Adapter", "Structural\Adapter\Adapter.csproj", "{9BC9C45D-F8FD-49A3-A9EF-961A1A296BCE}"
EndProject
Project("{9A19103F-16F7-4668-BE54-9A1E7A4F7556}") = "Bridge", "Structural\Bridge\Bridge.csproj", "{D14088EC-454C-4E22-AD55-4C3F80A587ED}"
EndProject
Project("{9A19103F-16F7-4668-BE54-9A1E7A4F7556}") = "Composite", "Structural\Composite\Composite.csproj", "{99405634-B5FB-4011-BC05-2F3A74616AC0}"
EndProject
Project("{9A19103F-16F7-4668-BE54-9A1E7A4F7556}") = "Decorator", "Structural\Decorator\Decorator.csproj", "{D4BC7A9B-C48C-4794-863C-09DA515CD799}"
EndProject
Project("{9A19103F-16F7-4668-BE54-9A1E7A4F7556}") = "Proxy", "Structural\Proxy\Proxy.csproj", "{D6C87E33-EA29-4194-835F-93FCF2E5E6E1}"
EndProject
Project("{9A19103F-16F7-4668-BE54-9A1E7A4F7556}") = "Flyweight", "Structural\Flyweight\Flyweight.csproj", "{7E602467-DBB8-4B68-A0B8-0A47DCE38F98}"
EndProject
Project("{FAE04EC0-301F-11D3-BF4B-00C04F79EFBC}") = "Facade", "Structural\Facade\Facade.csproj", "{343BF36C-64EA-4174-8550-305A916CD31B}"
EndProject
Project("{FAE04EC0-301F-11D3-BF4B-00C04F79EFBC}") = "Iterator", "Behavioral\Iterator\Iterator.csproj", "{57EE197C-3770-4428-9102-60683518097E}"
EndProject
Project("{FAE04EC0-301F-11D3-BF4B-00C04F79EFBC}") = "Strategy", "Behavioral\Strategy\Strategy.csproj", "{A27815E4-3AC5-459A-892E-CEB4EA1BFE87}"
EndProject
Project("{FAE04EC0-301F-11D3-BF4B-00C04F79EFBC}") = "Observable", "Behavioral\Observable\Observable.csproj", "{09C93020-4338-4234-8546-110460887B9D}"
EndProject
Global
	GlobalSection(SolutionConfigurationPlatforms) = preSolution
		Debug|Any CPU = Debug|Any CPU
		Release|Any CPU = Release|Any CPU
	EndGlobalSection
	GlobalSection(ProjectConfigurationPlatforms) = postSolution
		{F3DD958F-8563-499C-91D2-13109C88460F}.Debug|Any CPU.ActiveCfg = Debug|Any CPU
		{F3DD958F-8563-499C-91D2-13109C88460F}.Debug|Any CPU.Build.0 = Debug|Any CPU
		{F3DD958F-8563-499C-91D2-13109C88460F}.Release|Any CPU.ActiveCfg = Release|Any CPU
		{F3DD958F-8563-499C-91D2-13109C88460F}.Release|Any CPU.Build.0 = Release|Any CPU
		{D723C517-CD9D-475A-BCED-CBAAC06554F8}.Debug|Any CPU.ActiveCfg = Debug|Any CPU
		{D723C517-CD9D-475A-BCED-CBAAC06554F8}.Debug|Any CPU.Build.0 = Debug|Any CPU
		{D723C517-CD9D-475A-BCED-CBAAC06554F8}.Release|Any CPU.ActiveCfg = Release|Any CPU
		{D723C517-CD9D-475A-BCED-CBAAC06554F8}.Release|Any CPU.Build.0 = Release|Any CPU
		{9055FB81-13F3-4D34-AA0E-5D65DA45996C}.Debug|Any CPU.ActiveCfg = Debug|Any CPU
		{9055FB81-13F3-4D34-AA0E-5D65DA45996C}.Debug|Any CPU.Build.0 = Debug|Any CPU
		{9055FB81-13F3-4D34-AA0E-5D65DA45996C}.Release|Any CPU.ActiveCfg = Release|Any CPU
		{9055FB81-13F3-4D34-AA0E-5D65DA45996C}.Release|Any CPU.Build.0 = Release|Any CPU
		{573B50F4-598C-49FE-948A-3ABBB93F61FA}.Debug|Any CPU.ActiveCfg = Debug|Any CPU
		{573B50F4-598C-49FE-948A-3ABBB93F61FA}.Debug|Any CPU.Build.0 = Debug|Any CPU
		{573B50F4-598C-49FE-948A-3ABBB93F61FA}.Release|Any CPU.ActiveCfg = Release|Any CPU
		{573B50F4-598C-49FE-948A-3ABBB93F61FA}.Release|Any CPU.Build.0 = Release|Any CPU
		{62DF5CF4-742B-4989-9B73-64A110626AB9}.Debug|Any CPU.ActiveCfg = Debug|Any CPU
		{62DF5CF4-742B-4989-9B73-64A110626AB9}.Debug|Any CPU.Build.0 = Debug|Any CPU
		{62DF5CF4-742B-4989-9B73-64A110626AB9}.Release|Any CPU.ActiveCfg = Release|Any CPU
		{62DF5CF4-742B-4989-9B73-64A110626AB9}.Release|Any CPU.Build.0 = Release|Any CPU
		{9BC9C45D-F8FD-49A3-A9EF-961A1A296BCE}.Debug|Any CPU.ActiveCfg = Debug|Any CPU
		{9BC9C45D-F8FD-49A3-A9EF-961A1A296BCE}.Debug|Any CPU.Build.0 = Debug|Any CPU
		{9BC9C45D-F8FD-49A3-A9EF-961A1A296BCE}.Release|Any CPU.ActiveCfg = Release|Any CPU
		{9BC9C45D-F8FD-49A3-A9EF-961A1A296BCE}.Release|Any CPU.Build.0 = Release|Any CPU
		{D14088EC-454C-4E22-AD55-4C3F80A587ED}.Debug|Any CPU.ActiveCfg = Debug|Any CPU
		{D14088EC-454C-4E22-AD55-4C3F80A587ED}.Debug|Any CPU.Build.0 = Debug|Any CPU
		{D14088EC-454C-4E22-AD55-4C3F80A587ED}.Release|Any CPU.ActiveCfg = Release|Any CPU
		{D14088EC-454C-4E22-AD55-4C3F80A587ED}.Release|Any CPU.Build.0 = Release|Any CPU
		{99405634-B5FB-4011-BC05-2F3A74616AC0}.Debug|Any CPU.ActiveCfg = Debug|Any CPU
		{99405634-B5FB-4011-BC05-2F3A74616AC0}.Debug|Any CPU.Build.0 = Debug|Any CPU
		{99405634-B5FB-4011-BC05-2F3A74616AC0}.Release|Any CPU.ActiveCfg = Release|Any CPU
		{99405634-B5FB-4011-BC05-2F3A74616AC0}.Release|Any CPU.Build.0 = Release|Any CPU
		{D4BC7A9B-C48C-4794-863C-09DA515CD799}.Debug|Any CPU.ActiveCfg = Debug|Any CPU
		{D4BC7A9B-C48C-4794-863C-09DA515CD799}.Debug|Any CPU.Build.0 = Debug|Any CPU
		{D4BC7A9B-C48C-4794-863C-09DA515CD799}.Release|Any CPU.ActiveCfg = Release|Any CPU
		{D4BC7A9B-C48C-4794-863C-09DA515CD799}.Release|Any CPU.Build.0 = Release|Any CPU
		{D6C87E33-EA29-4194-835F-93FCF2E5E6E1}.Debug|Any CPU.ActiveCfg = Debug|Any CPU
		{D6C87E33-EA29-4194-835F-93FCF2E5E6E1}.Debug|Any CPU.Build.0 = Debug|Any CPU
		{D6C87E33-EA29-4194-835F-93FCF2E5E6E1}.Release|Any CPU.ActiveCfg = Release|Any CPU
		{D6C87E33-EA29-4194-835F-93FCF2E5E6E1}.Release|Any CPU.Build.0 = Release|Any CPU
		{7E602467-DBB8-4B68-A0B8-0A47DCE38F98}.Debug|Any CPU.ActiveCfg = Debug|Any CPU
		{7E602467-DBB8-4B68-A0B8-0A47DCE38F98}.Debug|Any CPU.Build.0 = Debug|Any CPU
		{7E602467-DBB8-4B68-A0B8-0A47DCE38F98}.Release|Any CPU.ActiveCfg = Release|Any CPU
		{7E602467-DBB8-4B68-A0B8-0A47DCE38F98}.Release|Any CPU.Build.0 = Release|Any CPU
		{343BF36C-64EA-4174-8550-305A916CD31B}.Debug|Any CPU.ActiveCfg = Debug|Any CPU
		{343BF36C-64EA-4174-8550-305A916CD31B}.Debug|Any CPU.Build.0 = Debug|Any CPU
		{343BF36C-64EA-4174-8550-305A916CD31B}.Release|Any CPU.ActiveCfg = Release|Any CPU
		{343BF36C-64EA-4174-8550-305A916CD31B}.Release|Any CPU.Build.0 = Release|Any CPU
		{57EE197C-3770-4428-9102-60683518097E}.Debug|Any CPU.ActiveCfg = Debug|Any CPU
		{57EE197C-3770-4428-9102-60683518097E}.Debug|Any CPU.Build.0 = Debug|Any CPU
		{57EE197C-3770-4428-9102-60683518097E}.Release|Any CPU.ActiveCfg = Release|Any CPU
		{57EE197C-3770-4428-9102-60683518097E}.Release|Any CPU.Build.0 = Release|Any CPU
		{A27815E4-3AC5-459A-892E-CEB4EA1BFE87}.Debug|Any CPU.ActiveCfg = Debug|Any CPU
		{A27815E4-3AC5-459A-892E-CEB4EA1BFE87}.Debug|Any CPU.Build.0 = Debug|Any CPU
		{A27815E4-3AC5-459A-892E-CEB4EA1BFE87}.Release|Any CPU.ActiveCfg = Release|Any CPU
		{A27815E4-3AC5-459A-892E-CEB4EA1BFE87}.Release|Any CPU.Build.0 = Release|Any CPU
		{09C93020-4338-4234-8546-110460887B9D}.Debug|Any CPU.ActiveCfg = Debug|Any CPU
		{09C93020-4338-4234-8546-110460887B9D}.Debug|Any CPU.Build.0 = Debug|Any CPU
		{09C93020-4338-4234-8546-110460887B9D}.Release|Any CPU.ActiveCfg = Release|Any CPU
		{09C93020-4338-4234-8546-110460887B9D}.Release|Any CPU.Build.0 = Release|Any CPU
	EndGlobalSection
	GlobalSection(SolutionProperties) = preSolution
		HideSolutionNode = FALSE
	EndGlobalSection
	GlobalSection(NestedProjects) = preSolution
		{F3DD958F-8563-499C-91D2-13109C88460F} = {85AC700E-DE91-4F4E-9CDA-3296AFE2D892}
		{D723C517-CD9D-475A-BCED-CBAAC06554F8} = {85AC700E-DE91-4F4E-9CDA-3296AFE2D892}
		{9055FB81-13F3-4D34-AA0E-5D65DA45996C} = {85AC700E-DE91-4F4E-9CDA-3296AFE2D892}
		{573B50F4-598C-49FE-948A-3ABBB93F61FA} = {85AC700E-DE91-4F4E-9CDA-3296AFE2D892}
		{62DF5CF4-742B-4989-9B73-64A110626AB9} = {85AC700E-DE91-4F4E-9CDA-3296AFE2D892}
		{9BC9C45D-F8FD-49A3-A9EF-961A1A296BCE} = {1564C71A-A68E-4AC3-9F0B-000EF611619A}
		{D14088EC-454C-4E22-AD55-4C3F80A587ED} = {1564C71A-A68E-4AC3-9F0B-000EF611619A}
		{99405634-B5FB-4011-BC05-2F3A74616AC0} = {1564C71A-A68E-4AC3-9F0B-000EF611619A}
		{D4BC7A9B-C48C-4794-863C-09DA515CD799} = {1564C71A-A68E-4AC3-9F0B-000EF611619A}
		{D6C87E33-EA29-4194-835F-93FCF2E5E6E1} = {1564C71A-A68E-4AC3-9F0B-000EF611619A}
		{7E602467-DBB8-4B68-A0B8-0A47DCE38F98} = {1564C71A-A68E-4AC3-9F0B-000EF611619A}
		{343BF36C-64EA-4174-8550-305A916CD31B} = {1564C71A-A68E-4AC3-9F0B-000EF611619A}
		{57EE197C-3770-4428-9102-60683518097E} = {7FFD24A3-1B5E-4D84-AF4E-71CCE40439F8}
		{A27815E4-3AC5-459A-892E-CEB4EA1BFE87} = {7FFD24A3-1B5E-4D84-AF4E-71CCE40439F8}
		{09C93020-4338-4234-8546-110460887B9D} = {7FFD24A3-1B5E-4D84-AF4E-71CCE40439F8}
	EndGlobalSection
	GlobalSection(ExtensibilityGlobals) = postSolution
		SolutionGuid = {23FBA3E3-95DD-497F-B5D7-45DB7B4237D3}
	EndGlobalSection
EndGlobal
